
Microsoft Visual Studio Solution File, Format Version 12.00
# Visual Studio 14
VisualStudioVersion = 14.0.23107.0
MinimumVisualStudioVersion = 10.0.40219.1
Project("{FAE04EC0-301F-11D3-BF4B-00C04F79EFBC}") = "ArchitectureProject", "ArchitectureProject\ArchitectureProject.csproj", "{1E522472-A582-4001-86D6-3B769B673BD6}"
EndProject
Project("{2150E333-8FDC-42A3-9474-1A3956D46DE8}") = "1.0 Project.UI", "1.0 Project.UI", "{665184E8-CB2F-41D5-8FAB-30F9B5A845BD}"
EndProject
Project("{2150E333-8FDC-42A3-9474-1A3956D46DE8}") = "2.0 LogicLayer", "2.0 LogicLayer", "{1468B5C8-23CA-4729-AA01-8C1631716327}"
EndProject
Project("{2150E333-8FDC-42A3-9474-1A3956D46DE8}") = "3.0 Service Layer", "3.0 Service Layer", "{681815C7-A670-43B5-ABE3-AC231EC2A001}"
EndProject
Project("{2150E333-8FDC-42A3-9474-1A3956D46DE8}") = "4.0 DataLayer", "4.0 DataLayer", "{E65A9F33-E6A4-4BDF-B9E0-05B96241DE42}"
EndProject
Project("{2150E333-8FDC-42A3-9474-1A3956D46DE8}") = "5.0 Core", "5.0 Core", "{C0A18F63-8890-46C4-B804-5465AFE371D5}"
EndProject
Project("{2150E333-8FDC-42A3-9474-1A3956D46DE8}") = "6.0 BO", "6.0 BO", "{EA48C2D3-15D7-4874-950F-14C4E462E2E6}"
EndProject
Project("{FAE04EC0-301F-11D3-BF4B-00C04F79EFBC}") = "LogicLayer", "LogicLayer\LogicLayer.csproj", "{C2E3BA13-6E06-44D2-8B5B-41A704F42F9D}"
EndProject
Project("{FAE04EC0-301F-11D3-BF4B-00C04F79EFBC}") = "ServiceLayer", "ServiceLayer\ServiceLayer.csproj", "{94F4DAE9-1EA3-48E7-9156-630DEB8A200C}"
EndProject
Project("{FAE04EC0-301F-11D3-BF4B-00C04F79EFBC}") = "DataLayer", "DataLayer\DataLayer.csproj", "{1357524C-FB4E-4F3F-B9EC-DB54027C9363}"
EndProject
Project("{2150E333-8FDC-42A3-9474-1A3956D46DE8}") = "7.0 Util", "7.0 Util", "{F57522DE-311D-4D7C-A142-CD66863D0187}"
EndProject
Project("{FAE04EC0-301F-11D3-BF4B-00C04F79EFBC}") = "DB.Core", "DB.Core\DB.Core.csproj", "{7DD31179-9182-4A34-8137-ABC3B06FC3B8}"
EndProject
Project("{FAE04EC0-301F-11D3-BF4B-00C04F79EFBC}") = "BO", "BO\BO.csproj", "{AFC37C79-F1E0-4849-ABEA-A66469BF1645}"
EndProject
Global
	GlobalSection(SolutionConfigurationPlatforms) = preSolution
		Debug|Any CPU = Debug|Any CPU
		Release|Any CPU = Release|Any CPU
	EndGlobalSection
	GlobalSection(ProjectConfigurationPlatforms) = postSolution
		{1E522472-A582-4001-86D6-3B769B673BD6}.Debug|Any CPU.ActiveCfg = Debug|Any CPU
		{1E522472-A582-4001-86D6-3B769B673BD6}.Debug|Any CPU.Build.0 = Debug|Any CPU
		{1E522472-A582-4001-86D6-3B769B673BD6}.Release|Any CPU.ActiveCfg = Release|Any CPU
		{1E522472-A582-4001-86D6-3B769B673BD6}.Release|Any CPU.Build.0 = Release|Any CPU
		{C2E3BA13-6E06-44D2-8B5B-41A704F42F9D}.Debug|Any CPU.ActiveCfg = Debug|Any CPU
		{C2E3BA13-6E06-44D2-8B5B-41A704F42F9D}.Debug|Any CPU.Build.0 = Debug|Any CPU
		{C2E3BA13-6E06-44D2-8B5B-41A704F42F9D}.Release|Any CPU.ActiveCfg = Release|Any CPU
		{C2E3BA13-6E06-44D2-8B5B-41A704F42F9D}.Release|Any CPU.Build.0 = Release|Any CPU
		{94F4DAE9-1EA3-48E7-9156-630DEB8A200C}.Debug|Any CPU.ActiveCfg = Debug|Any CPU
		{94F4DAE9-1EA3-48E7-9156-630DEB8A200C}.Debug|Any CPU.Build.0 = Debug|Any CPU
		{94F4DAE9-1EA3-48E7-9156-630DEB8A200C}.Release|Any CPU.ActiveCfg = Release|Any CPU
		{94F4DAE9-1EA3-48E7-9156-630DEB8A200C}.Release|Any CPU.Build.0 = Release|Any CPU
		{1357524C-FB4E-4F3F-B9EC-DB54027C9363}.Debug|Any CPU.ActiveCfg = Debug|Any CPU
		{1357524C-FB4E-4F3F-B9EC-DB54027C9363}.Debug|Any CPU.Build.0 = Debug|Any CPU
		{1357524C-FB4E-4F3F-B9EC-DB54027C9363}.Release|Any CPU.ActiveCfg = Release|Any CPU
		{1357524C-FB4E-4F3F-B9EC-DB54027C9363}.Release|Any CPU.Build.0 = Release|Any CPU
		{7DD31179-9182-4A34-8137-ABC3B06FC3B8}.Debug|Any CPU.ActiveCfg = Debug|Any CPU
		{7DD31179-9182-4A34-8137-ABC3B06FC3B8}.Debug|Any CPU.Build.0 = Debug|Any CPU
		{7DD31179-9182-4A34-8137-ABC3B06FC3B8}.Release|Any CPU.ActiveCfg = Release|Any CPU
		{7DD31179-9182-4A34-8137-ABC3B06FC3B8}.Release|Any CPU.Build.0 = Release|Any CPU
		{AFC37C79-F1E0-4849-ABEA-A66469BF1645}.Debug|Any CPU.ActiveCfg = Debug|Any CPU
		{AFC37C79-F1E0-4849-ABEA-A66469BF1645}.Debug|Any CPU.Build.0 = Debug|Any CPU
		{AFC37C79-F1E0-4849-ABEA-A66469BF1645}.Release|Any CPU.ActiveCfg = Release|Any CPU
		{AFC37C79-F1E0-4849-ABEA-A66469BF1645}.Release|Any CPU.Build.0 = Release|Any CPU
	EndGlobalSection
	GlobalSection(SolutionProperties) = preSolution
		HideSolutionNode = FALSE
	EndGlobalSection
	GlobalSection(NestedProjects) = preSolution
		{1E522472-A582-4001-86D6-3B769B673BD6} = {665184E8-CB2F-41D5-8FAB-30F9B5A845BD}
		{C2E3BA13-6E06-44D2-8B5B-41A704F42F9D} = {1468B5C8-23CA-4729-AA01-8C1631716327}
		{94F4DAE9-1EA3-48E7-9156-630DEB8A200C} = {681815C7-A670-43B5-ABE3-AC231EC2A001}
		{1357524C-FB4E-4F3F-B9EC-DB54027C9363} = {E65A9F33-E6A4-4BDF-B9E0-05B96241DE42}
		{7DD31179-9182-4A34-8137-ABC3B06FC3B8} = {C0A18F63-8890-46C4-B804-5465AFE371D5}
		{AFC37C79-F1E0-4849-ABEA-A66469BF1645} = {EA48C2D3-15D7-4874-950F-14C4E462E2E6}
	EndGlobalSection
EndGlobal
